// !$*UTF8*$!
{
	archiveVersion = 1;
	classes = {
	};
	objectVersion = 56;
	objects = {

/* Begin PBXBuildFile section */
		192356FB2BE1CD62003EA55F /* Main.swift in Sources */ = {isa = PBXBuildFile; fileRef = 192356FA2BE1CD62003EA55F /* Main.swift */; };
		192356FD2BE1CD62003EA55F /* ContentView.swift in Sources */ = {isa = PBXBuildFile; fileRef = 192356FC2BE1CD62003EA55F /* ContentView.swift */; };
		192356FF2BE1CD63003EA55F /* Assets.xcassets in Resources */ = {isa = PBXBuildFile; fileRef = 192356FE2BE1CD63003EA55F /* Assets.xcassets */; };
		192357022BE1CD63003EA55F /* Preview Assets.xcassets in Resources */ = {isa = PBXBuildFile; fileRef = 192357012BE1CD63003EA55F /* Preview Assets.xcassets */; };
		1923570A2BE1DAA3003EA55F /* SwiftyToys in Frameworks */ = {isa = PBXBuildFile; productRef = 192357092BE1DAA3003EA55F /* SwiftyToys */; };
		1923570E2BE21617003EA55F /* ProjectView.swift in Sources */ = {isa = PBXBuildFile; fileRef = 1923570D2BE21617003EA55F /* ProjectView.swift */; };
		192357102BE2165A003EA55F /* TicketRepository.swift in Sources */ = {isa = PBXBuildFile; fileRef = 1923570F2BE2165A003EA55F /* TicketRepository.swift */; };
		1923572F2BE257F1003EA55F /* Ticket.swift in Sources */ = {isa = PBXBuildFile; fileRef = 1923572E2BE257F1003EA55F /* Ticket.swift */; };
		192357342BE2749E003EA55F /* TicketEditView.swift in Sources */ = {isa = PBXBuildFile; fileRef = 192357332BE2749E003EA55F /* TicketEditView.swift */; };
		19FA84BA2BE1E864000AA44C /* Project.swift in Sources */ = {isa = PBXBuildFile; fileRef = 19FA84B92BE1E864000AA44C /* Project.swift */; };
		19FA84BC2BE2063D000AA44C /* ProjectRepository.swift in Sources */ = {isa = PBXBuildFile; fileRef = 19FA84BB2BE2063D000AA44C /* ProjectRepository.swift */; };
		19FA84C02BE209CE000AA44C /* ProjectListView.swift in Sources */ = {isa = PBXBuildFile; fileRef = 19FA84BF2BE209CE000AA44C /* ProjectListView.swift */; };
		19FA84C32BE32127000AA44C /* CheckboxToggleStyle.swift in Sources */ = {isa = PBXBuildFile; fileRef = 19FA84C22BE32127000AA44C /* CheckboxToggleStyle.swift */; };
		19FA84C52BE321CE000AA44C /* TicketRowView.swift in Sources */ = {isa = PBXBuildFile; fileRef = 19FA84C42BE321CE000AA44C /* TicketRowView.swift */; };
/* End PBXBuildFile section */

/* Begin PBXFileReference section */
		192356F72BE1CD62003EA55F /* TravelBrochure.app */ = {isa = PBXFileReference; explicitFileType = wrapper.application; includeInIndex = 0; path = TravelBrochure.app; sourceTree = BUILT_PRODUCTS_DIR; };
		192356FA2BE1CD62003EA55F /* Main.swift */ = {isa = PBXFileReference; lastKnownFileType = sourcecode.swift; path = Main.swift; sourceTree = "<group>"; };
		192356FC2BE1CD62003EA55F /* ContentView.swift */ = {isa = PBXFileReference; lastKnownFileType = sourcecode.swift; path = ContentView.swift; sourceTree = "<group>"; };
		192356FE2BE1CD63003EA55F /* Assets.xcassets */ = {isa = PBXFileReference; lastKnownFileType = folder.assetcatalog; path = Assets.xcassets; sourceTree = "<group>"; };
		192357012BE1CD63003EA55F /* Preview Assets.xcassets */ = {isa = PBXFileReference; lastKnownFileType = folder.assetcatalog; path = "Preview Assets.xcassets"; sourceTree = "<group>"; };
		1923570D2BE21617003EA55F /* ProjectView.swift */ = {isa = PBXFileReference; lastKnownFileType = sourcecode.swift; path = ProjectView.swift; sourceTree = "<group>"; };
		1923570F2BE2165A003EA55F /* TicketRepository.swift */ = {isa = PBXFileReference; lastKnownFileType = sourcecode.swift; path = TicketRepository.swift; sourceTree = "<group>"; };
		1923572E2BE257F1003EA55F /* Ticket.swift */ = {isa = PBXFileReference; lastKnownFileType = sourcecode.swift; path = Ticket.swift; sourceTree = "<group>"; };
		192357332BE2749E003EA55F /* TicketEditView.swift */ = {isa = PBXFileReference; lastKnownFileType = sourcecode.swift; path = TicketEditView.swift; sourceTree = "<group>"; };
		19FA84B92BE1E864000AA44C /* Project.swift */ = {isa = PBXFileReference; lastKnownFileType = sourcecode.swift; path = Project.swift; sourceTree = "<group>"; };
		19FA84BB2BE2063D000AA44C /* ProjectRepository.swift */ = {isa = PBXFileReference; lastKnownFileType = sourcecode.swift; path = ProjectRepository.swift; sourceTree = "<group>"; };
		19FA84BF2BE209CE000AA44C /* ProjectListView.swift */ = {isa = PBXFileReference; lastKnownFileType = sourcecode.swift; path = ProjectListView.swift; sourceTree = "<group>"; };
		19FA84C22BE32127000AA44C /* CheckboxToggleStyle.swift */ = {isa = PBXFileReference; lastKnownFileType = sourcecode.swift; path = CheckboxToggleStyle.swift; sourceTree = "<group>"; };
		19FA84C42BE321CE000AA44C /* TicketRowView.swift */ = {isa = PBXFileReference; lastKnownFileType = sourcecode.swift; path = TicketRowView.swift; sourceTree = "<group>"; };
/* End PBXFileReference section */

/* Begin PBXFrameworksBuildPhase section */
		192356F42BE1CD62003EA55F /* Frameworks */ = {
			isa = PBXFrameworksBuildPhase;
			buildActionMask = 2147483647;
			files = (
				1923570A2BE1DAA3003EA55F /* SwiftyToys in Frameworks */,
			);
			runOnlyForDeploymentPostprocessing = 0;
		};
/* End PBXFrameworksBuildPhase section */

/* Begin PBXGroup section */
		192356EE2BE1CD62003EA55F = {
			isa = PBXGroup;
			children = (
				192356F92BE1CD62003EA55F /* TravelBrochure */,
				192356F82BE1CD62003EA55F /* Products */,
			);
			sourceTree = "<group>";
		};
		192356F82BE1CD62003EA55F /* Products */ = {
			isa = PBXGroup;
			children = (
				192356F72BE1CD62003EA55F /* TravelBrochure.app */,
			);
			name = Products;
			sourceTree = "<group>";
		};
		192356F92BE1CD62003EA55F /* TravelBrochure */ = {
			isa = PBXGroup;
			children = (
				1923572D2BE257DB003EA55F /* Models */,
				1923572C2BE257C8003EA55F /* Repositories */,
				1923572B2BE257B7003EA55F /* Views */,
				192356FE2BE1CD63003EA55F /* Assets.xcassets */,
				192356FA2BE1CD62003EA55F /* Main.swift */,
				192357002BE1CD63003EA55F /* Preview Content */,
			);
			path = TravelBrochure;
			sourceTree = "<group>";
		};
		192357002BE1CD63003EA55F /* Preview Content */ = {
			isa = PBXGroup;
			children = (
				192357012BE1CD63003EA55F /* Preview Assets.xcassets */,
			);
			path = "Preview Content";
			sourceTree = "<group>";
		};
		1923572B2BE257B7003EA55F /* Views */ = {
			isa = PBXGroup;
			children = (
				19FA84C12BE32117000AA44C /* Components */,
				192357322BE2747B003EA55F /* Ticket */,
				192356FC2BE1CD62003EA55F /* ContentView.swift */,
				19FA84BF2BE209CE000AA44C /* ProjectListView.swift */,
				1923570D2BE21617003EA55F /* ProjectView.swift */,
			);
			path = Views;
			sourceTree = "<group>";
		};
		1923572C2BE257C8003EA55F /* Repositories */ = {
			isa = PBXGroup;
			children = (
				19FA84BB2BE2063D000AA44C /* ProjectRepository.swift */,
				1923570F2BE2165A003EA55F /* TicketRepository.swift */,
			);
			path = Repositories;
			sourceTree = "<group>";
		};
		1923572D2BE257DB003EA55F /* Models */ = {
			isa = PBXGroup;
			children = (
				19FA84B92BE1E864000AA44C /* Project.swift */,
				1923572E2BE257F1003EA55F /* Ticket.swift */,
			);
			path = Models;
			sourceTree = "<group>";
		};
		192357322BE2747B003EA55F /* Ticket */ = {
			isa = PBXGroup;
			children = (
				192357332BE2749E003EA55F /* TicketEditView.swift */,
				19FA84C42BE321CE000AA44C /* TicketRowView.swift */,
			);
			path = Ticket;
			sourceTree = "<group>";
		};
		19FA84C12BE32117000AA44C /* Components */ = {
			isa = PBXGroup;
			children = (
				19FA84C22BE32127000AA44C /* CheckboxToggleStyle.swift */,
			);
			path = Components;
			sourceTree = "<group>";
		};
/* End PBXGroup section */

/* Begin PBXNativeTarget section */
		192356F62BE1CD62003EA55F /* TravelBrochure */ = {
			isa = PBXNativeTarget;
			buildConfigurationList = 192357052BE1CD63003EA55F /* Build configuration list for PBXNativeTarget "TravelBrochure" */;
			buildPhases = (
				192356F32BE1CD62003EA55F /* Sources */,
				192356F42BE1CD62003EA55F /* Frameworks */,
				192356F52BE1CD62003EA55F /* Resources */,
			);
			buildRules = (
			);
			dependencies = (
			);
			name = TravelBrochure;
			packageProductDependencies = (
				192357092BE1DAA3003EA55F /* SwiftyToys */,
			);
			productName = TravelBrochure;
			productReference = 192356F72BE1CD62003EA55F /* TravelBrochure.app */;
			productType = "com.apple.product-type.application";
		};
/* End PBXNativeTarget section */

/* Begin PBXProject section */
		192356EF2BE1CD62003EA55F /* Project object */ = {
			isa = PBXProject;
			attributes = {
				BuildIndependentTargetsInParallel = 1;
				LastSwiftUpdateCheck = 1530;
				LastUpgradeCheck = 1530;
				TargetAttributes = {
					192356F62BE1CD62003EA55F = {
						CreatedOnToolsVersion = 15.3;
					};
				};
			};
			buildConfigurationList = 192356F22BE1CD62003EA55F /* Build configuration list for PBXProject "TravelBrochure" */;
			compatibilityVersion = "Xcode 14.0";
			developmentRegion = en;
			hasScannedForEncodings = 0;
			knownRegions = (
				en,
				Base,
			);
			mainGroup = 192356EE2BE1CD62003EA55F;
			packageReferences = (
				192357082BE1DAA3003EA55F /* XCRemoteSwiftPackageReference "SwiftyToys" */,
			);
			productRefGroup = 192356F82BE1CD62003EA55F /* Products */;
			projectDirPath = "";
			projectRoot = "";
			targets = (
				192356F62BE1CD62003EA55F /* TravelBrochure */,
			);
		};
/* End PBXProject section */

/* Begin PBXResourcesBuildPhase section */
		192356F52BE1CD62003EA55F /* Resources */ = {
			isa = PBXResourcesBuildPhase;
			buildActionMask = 2147483647;
			files = (
				192357022BE1CD63003EA55F /* Preview Assets.xcassets in Resources */,
				192356FF2BE1CD63003EA55F /* Assets.xcassets in Resources */,
			);
			runOnlyForDeploymentPostprocessing = 0;
		};
/* End PBXResourcesBuildPhase section */

/* Begin PBXSourcesBuildPhase section */
		192356F32BE1CD62003EA55F /* Sources */ = {
			isa = PBXSourcesBuildPhase;
			buildActionMask = 2147483647;
			files = (
				19FA84C52BE321CE000AA44C /* TicketRowView.swift in Sources */,
				1923570E2BE21617003EA55F /* ProjectView.swift in Sources */,
				19FA84BA2BE1E864000AA44C /* Project.swift in Sources */,
				19FA84C32BE32127000AA44C /* CheckboxToggleStyle.swift in Sources */,
				19FA84C02BE209CE000AA44C /* ProjectListView.swift in Sources */,
				1923572F2BE257F1003EA55F /* Ticket.swift in Sources */,
				192357342BE2749E003EA55F /* TicketEditView.swift in Sources */,
				19FA84BC2BE2063D000AA44C /* ProjectRepository.swift in Sources */,
				192356FD2BE1CD62003EA55F /* ContentView.swift in Sources */,
				192356FB2BE1CD62003EA55F /* Main.swift in Sources */,
				192357102BE2165A003EA55F /* TicketRepository.swift in Sources */,
			);
			runOnlyForDeploymentPostprocessing = 0;
		};
/* End PBXSourcesBuildPhase section */

/* Begin XCBuildConfiguration section */
		192357032BE1CD63003EA55F /* Debug */ = {
			isa = XCBuildConfiguration;
			buildSettings = {
				ALWAYS_SEARCH_USER_PATHS = NO;
				ASSETCATALOG_COMPILER_GENERATE_SWIFT_ASSET_SYMBOL_EXTENSIONS = YES;
				CLANG_ANALYZER_NONNULL = YES;
				CLANG_ANALYZER_NUMBER_OBJECT_CONVERSION = YES_AGGRESSIVE;
				CLANG_CXX_LANGUAGE_STANDARD = "gnu++20";
				CLANG_ENABLE_MODULES = YES;
				CLANG_ENABLE_OBJC_ARC = YES;
				CLANG_ENABLE_OBJC_WEAK = YES;
				CLANG_WARN_BLOCK_CAPTURE_AUTORELEASING = YES;
				CLANG_WARN_BOOL_CONVERSION = YES;
				CLANG_WARN_COMMA = YES;
				CLANG_WARN_CONSTANT_CONVERSION = YES;
				CLANG_WARN_DEPRECATED_OBJC_IMPLEMENTATIONS = YES;
				CLANG_WARN_DIRECT_OBJC_ISA_USAGE = YES_ERROR;
				CLANG_WARN_DOCUMENTATION_COMMENTS = YES;
				CLANG_WARN_EMPTY_BODY = YES;
				CLANG_WARN_ENUM_CONVERSION = YES;
				CLANG_WARN_INFINITE_RECURSION = YES;
				CLANG_WARN_INT_CONVERSION = YES;
				CLANG_WARN_NON_LITERAL_NULL_CONVERSION = YES;
				CLANG_WARN_OBJC_IMPLICIT_RETAIN_SELF = YES;
				CLANG_WARN_OBJC_LITERAL_CONVERSION = YES;
				CLANG_WARN_OBJC_ROOT_CLASS = YES_ERROR;
				CLANG_WARN_QUOTED_INCLUDE_IN_FRAMEWORK_HEADER = YES;
				CLANG_WARN_RANGE_LOOP_ANALYSIS = YES;
				CLANG_WARN_STRICT_PROTOTYPES = YES;
				CLANG_WARN_SUSPICIOUS_MOVE = YES;
				CLANG_WARN_UNGUARDED_AVAILABILITY = YES_AGGRESSIVE;
				CLANG_WARN_UNREACHABLE_CODE = YES;
				CLANG_WARN__DUPLICATE_METHOD_MATCH = YES;
				COPY_PHASE_STRIP = NO;
				DEBUG_INFORMATION_FORMAT = dwarf;
				ENABLE_STRICT_OBJC_MSGSEND = YES;
				ENABLE_TESTABILITY = YES;
				ENABLE_USER_SCRIPT_SANDBOXING = YES;
				GCC_C_LANGUAGE_STANDARD = gnu17;
				GCC_DYNAMIC_NO_PIC = NO;
				GCC_NO_COMMON_BLOCKS = YES;
				GCC_OPTIMIZATION_LEVEL = 0;
				GCC_PREPROCESSOR_DEFINITIONS = (
					"DEBUG=1",
					"$(inherited)",
				);
				GCC_WARN_64_TO_32_BIT_CONVERSION = YES;
				GCC_WARN_ABOUT_RETURN_TYPE = YES_ERROR;
				GCC_WARN_UNDECLARED_SELECTOR = YES;
				GCC_WARN_UNINITIALIZED_AUTOS = YES_AGGRESSIVE;
				GCC_WARN_UNUSED_FUNCTION = YES;
				GCC_WARN_UNUSED_VARIABLE = YES;
				IPHONEOS_DEPLOYMENT_TARGET = 17.4;
				LOCALIZATION_PREFERS_STRING_CATALOGS = YES;
				MTL_ENABLE_DEBUG_INFO = INCLUDE_SOURCE;
				MTL_FAST_MATH = YES;
				ONLY_ACTIVE_ARCH = YES;
				SDKROOT = iphoneos;
				SWIFT_ACTIVE_COMPILATION_CONDITIONS = "DEBUG $(inherited)";
				SWIFT_OPTIMIZATION_LEVEL = "-Onone";
			};
			name = Debug;
		};
		192357042BE1CD63003EA55F /* Release */ = {
			isa = XCBuildConfiguration;
			buildSettings = {
				ALWAYS_SEARCH_USER_PATHS = NO;
				ASSETCATALOG_COMPILER_GENERATE_SWIFT_ASSET_SYMBOL_EXTENSIONS = YES;
				CLANG_ANALYZER_NONNULL = YES;
				CLANG_ANALYZER_NUMBER_OBJECT_CONVERSION = YES_AGGRESSIVE;
				CLANG_CXX_LANGUAGE_STANDARD = "gnu++20";
				CLANG_ENABLE_MODULES = YES;
				CLANG_ENABLE_OBJC_ARC = YES;
				CLANG_ENABLE_OBJC_WEAK = YES;
				CLANG_WARN_BLOCK_CAPTURE_AUTORELEASING = YES;
				CLANG_WARN_BOOL_CONVERSION = YES;
				CLANG_WARN_COMMA = YES;
				CLANG_WARN_CONSTANT_CONVERSION = YES;
				CLANG_WARN_DEPRECATED_OBJC_IMPLEMENTATIONS = YES;
				CLANG_WARN_DIRECT_OBJC_ISA_USAGE = YES_ERROR;
				CLANG_WARN_DOCUMENTATION_COMMENTS = YES;
				CLANG_WARN_EMPTY_BODY = YES;
				CLANG_WARN_ENUM_CONVERSION = YES;
				CLANG_WARN_INFINITE_RECURSION = YES;
				CLANG_WARN_INT_CONVERSION = YES;
				CLANG_WARN_NON_LITERAL_NULL_CONVERSION = YES;
				CLANG_WARN_OBJC_IMPLICIT_RETAIN_SELF = YES;
				CLANG_WARN_OBJC_LITERAL_CONVERSION = YES;
				CLANG_WARN_OBJC_ROOT_CLASS = YES_ERROR;
				CLANG_WARN_QUOTED_INCLUDE_IN_FRAMEWORK_HEADER = YES;
				CLANG_WARN_RANGE_LOOP_ANALYSIS = YES;
				CLANG_WARN_STRICT_PROTOTYPES = YES;
				CLANG_WARN_SUSPICIOUS_MOVE = YES;
				CLANG_WARN_UNGUARDED_AVAILABILITY = YES_AGGRESSIVE;
				CLANG_WARN_UNREACHABLE_CODE = YES;
				CLANG_WARN__DUPLICATE_METHOD_MATCH = YES;
				COPY_PHASE_STRIP = NO;
				DEBUG_INFORMATION_FORMAT = "dwarf-with-dsym";
				ENABLE_NS_ASSERTIONS = NO;
				ENABLE_STRICT_OBJC_MSGSEND = YES;
				ENABLE_USER_SCRIPT_SANDBOXING = YES;
				GCC_C_LANGUAGE_STANDARD = gnu17;
				GCC_NO_COMMON_BLOCKS = YES;
				GCC_WARN_64_TO_32_BIT_CONVERSION = YES;
				GCC_WARN_ABOUT_RETURN_TYPE = YES_ERROR;
				GCC_WARN_UNDECLARED_SELECTOR = YES;
				GCC_WARN_UNINITIALIZED_AUTOS = YES_AGGRESSIVE;
				GCC_WARN_UNUSED_FUNCTION = YES;
				GCC_WARN_UNUSED_VARIABLE = YES;
				IPHONEOS_DEPLOYMENT_TARGET = 17.4;
				LOCALIZATION_PREFERS_STRING_CATALOGS = YES;
				MTL_ENABLE_DEBUG_INFO = NO;
				MTL_FAST_MATH = YES;
				SDKROOT = iphoneos;
				SWIFT_COMPILATION_MODE = wholemodule;
				VALIDATE_PRODUCT = YES;
			};
			name = Release;
		};
		192357062BE1CD63003EA55F /* Debug */ = {
			isa = XCBuildConfiguration;
			buildSettings = {
				ASSETCATALOG_COMPILER_APPICON_NAME = AppIcon;
				ASSETCATALOG_COMPILER_GLOBAL_ACCENT_COLOR_NAME = AccentColor;
				CODE_SIGN_STYLE = Automatic;
				CURRENT_PROJECT_VERSION = 1;
				DEVELOPMENT_ASSET_PATHS = "\"TravelBrochure/Preview Content\"";
				DEVELOPMENT_TEAM = 89944GJ9HX;
				ENABLE_PREVIEWS = YES;
				GENERATE_INFOPLIST_FILE = YES;
				INFOPLIST_KEY_UIApplicationSceneManifest_Generation = YES;
				INFOPLIST_KEY_UIApplicationSupportsIndirectInputEvents = YES;
				INFOPLIST_KEY_UILaunchScreen_Generation = YES;
				INFOPLIST_KEY_UISupportedInterfaceOrientations_iPad = "UIInterfaceOrientationPortrait UIInterfaceOrientationPortraitUpsideDown UIInterfaceOrientationLandscapeLeft UIInterfaceOrientationLandscapeRight";
				INFOPLIST_KEY_UISupportedInterfaceOrientations_iPhone = "UIInterfaceOrientationPortrait UIInterfaceOrientationLandscapeLeft UIInterfaceOrientationLandscapeRight";
				LD_RUNPATH_SEARCH_PATHS = (
					"$(inherited)",
					"@executable_path/Frameworks",
				);
				MARKETING_VERSION = 1.0;
				PRODUCT_BUNDLE_IDENTIFIER = jp.kakeru.TravelBrochure;
				PRODUCT_NAME = "$(TARGET_NAME)";
				SWIFT_EMIT_LOC_STRINGS = YES;
				SWIFT_VERSION = 5.0;
				TARGETED_DEVICE_FAMILY = "1,2";
			};
			name = Debug;
		};
		192357072BE1CD63003EA55F /* Release */ = {
			isa = XCBuildConfiguration;
			buildSettings = {
				ASSETCATALOG_COMPILER_APPICON_NAME = AppIcon;
				ASSETCATALOG_COMPILER_GLOBAL_ACCENT_COLOR_NAME = AccentColor;
				CODE_SIGN_STYLE = Automatic;
				CURRENT_PROJECT_VERSION = 1;
				DEVELOPMENT_ASSET_PATHS = "\"TravelBrochure/Preview Content\"";
				DEVELOPMENT_TEAM = 89944GJ9HX;
				ENABLE_PREVIEWS = YES;
				GENERATE_INFOPLIST_FILE = YES;
				INFOPLIST_KEY_UIApplicationSceneManifest_Generation = YES;
				INFOPLIST_KEY_UIApplicationSupportsIndirectInputEvents = YES;
				INFOPLIST_KEY_UILaunchScreen_Generation = YES;
				INFOPLIST_KEY_UISupportedInterfaceOrientations_iPad = "UIInterfaceOrientationPortrait UIInterfaceOrientationPortraitUpsideDown UIInterfaceOrientationLandscapeLeft UIInterfaceOrientationLandscapeRight";
				INFOPLIST_KEY_UISupportedInterfaceOrientations_iPhone = "UIInterfaceOrientationPortrait UIInterfaceOrientationLandscapeLeft UIInterfaceOrientationLandscapeRight";
				LD_RUNPATH_SEARCH_PATHS = (
					"$(inherited)",
					"@executable_path/Frameworks",
				);
				MARKETING_VERSION = 1.0;
				PRODUCT_BUNDLE_IDENTIFIER = jp.kakeru.TravelBrochure;
				PRODUCT_NAME = "$(TARGET_NAME)";
				SWIFT_EMIT_LOC_STRINGS = YES;
				SWIFT_VERSION = 5.0;
				TARGETED_DEVICE_FAMILY = "1,2";
			};
			name = Release;
		};
/* End XCBuildConfiguration section */

/* Begin XCConfigurationList section */
		192356F22BE1CD62003EA55F /* Build configuration list for PBXProject "TravelBrochure" */ = {
			isa = XCConfigurationList;
			buildConfigurations = (
				192357032BE1CD63003EA55F /* Debug */,
				192357042BE1CD63003EA55F /* Release */,
			);
			defaultConfigurationIsVisible = 0;
			defaultConfigurationName = Release;
		};
		192357052BE1CD63003EA55F /* Build configuration list for PBXNativeTarget "TravelBrochure" */ = {
			isa = XCConfigurationList;
			buildConfigurations = (
				192357062BE1CD63003EA55F /* Debug */,
				192357072BE1CD63003EA55F /* Release */,
			);
			defaultConfigurationIsVisible = 0;
			defaultConfigurationName = Release;
		};
/* End XCConfigurationList section */

/* Begin XCRemoteSwiftPackageReference section */
		192357082BE1DAA3003EA55F /* XCRemoteSwiftPackageReference "SwiftyToys" */ = {
			isa = XCRemoteSwiftPackageReference;
			repositoryURL = "https://github.com/runlucky/SwiftyToys";
			requirement = {
				kind = upToNextMajorVersion;
				minimumVersion = 0.0.5;
			};
		};
/* End XCRemoteSwiftPackageReference section */

/* Begin XCSwiftPackageProductDependency section */
		192357092BE1DAA3003EA55F /* SwiftyToys */ = {
			isa = XCSwiftPackageProductDependency;
			package = 192357082BE1DAA3003EA55F /* XCRemoteSwiftPackageReference "SwiftyToys" */;
			productName = SwiftyToys;
		};
/* End XCSwiftPackageProductDependency section */
	};
	rootObject = 192356EF2BE1CD62003EA55F /* Project object */;
}
